
Microsoft Visual Studio Solution File, Format Version 11.00
# Visual Studio 2010
Project("{8BC9CEB8-8B4A-11D0-8D11-00A0C91BC942}") = "Sample1", "Sample1\Sample1.vcxproj", "{9502B8CE-35E2-4CCF-8671-DAAE0D97486B}"
EndProject
Project("{8BC9CEB8-8B4A-11D0-8D11-00A0C91BC942}") = "Strategix", "Strategix\Strategix.vcxproj", "{AAE5A400-6B62-4BDF-9594-4635A13A4FB7}"
EndProject
Project("{8BC9CEB8-8B4A-11D0-8D11-00A0C91BC942}") = "MapEditor", "MapEditor\MapEditor.vcxproj", "{4B5366C9-F8CB-45D0-B2F4-8DEEF6207B7F}"
EndProject
Global
	GlobalSection(SolutionConfigurationPlatforms) = preSolution
		Debug|Win32 = Debug|Win32
		Release|Win32 = Release|Win32
	EndGlobalSection
	GlobalSection(ProjectConfigurationPlatforms) = postSolution
		{9502B8CE-35E2-4CCF-8671-DAAE0D97486B}.Debug|Win32.ActiveCfg = Debug|Win32
		{9502B8CE-35E2-4CCF-8671-DAAE0D97486B}.Debug|Win32.Build.0 = Debug|Win32
		{9502B8CE-35E2-4CCF-8671-DAAE0D97486B}.Release|Win32.ActiveCfg = Release|Win32
		{9502B8CE-35E2-4CCF-8671-DAAE0D97486B}.Release|Win32.Build.0 = Release|Win32
		{AAE5A400-6B62-4BDF-9594-4635A13A4FB7}.Debug|Win32.ActiveCfg = Debug|Win32
		{AAE5A400-6B62-4BDF-9594-4635A13A4FB7}.Debug|Win32.Build.0 = Debug|Win32
		{AAE5A400-6B62-4BDF-9594-4635A13A4FB7}.Release|Win32.ActiveCfg = Release|Win32
		{AAE5A400-6B62-4BDF-9594-4635A13A4FB7}.Release|Win32.Build.0 = Release|Win32
		{4B5366C9-F8CB-45D0-B2F4-8DEEF6207B7F}.Debug|Win32.ActiveCfg = Debug|Win32
		{4B5366C9-F8CB-45D0-B2F4-8DEEF6207B7F}.Debug|Win32.Build.0 = Debug|Win32
		{4B5366C9-F8CB-45D0-B2F4-8DEEF6207B7F}.Release|Win32.ActiveCfg = Release|Win32
		{4B5366C9-F8CB-45D0-B2F4-8DEEF6207B7F}.Release|Win32.Build.0 = Release|Win32
	EndGlobalSection
	GlobalSection(SolutionProperties) = preSolution
		HideSolutionNode = FALSE
	EndGlobalSection
EndGlobal
